// !$*UTF8*$!
{
	archiveVersion = 1;
	classes = {
	};
	objectVersion = 55;
	objects = {

/* Begin PBXBuildFile section */
		BFB8DFA826CB3B13003C65F5 /* AppDelegate.swift in Sources */ = {isa = PBXBuildFile; fileRef = BFB8DFA726CB3B13003C65F5 /* AppDelegate.swift */; };
		BFB8DFAA26CB3B13003C65F5 /* SceneDelegate.swift in Sources */ = {isa = PBXBuildFile; fileRef = BFB8DFA926CB3B13003C65F5 /* SceneDelegate.swift */; };
		BFB8DFAC26CB3B13003C65F5 /* ViewController.swift in Sources */ = {isa = PBXBuildFile; fileRef = BFB8DFAB26CB3B13003C65F5 /* ViewController.swift */; };
		BFB8DFAF26CB3B13003C65F5 /* Main.storyboard in Resources */ = {isa = PBXBuildFile; fileRef = BFB8DFAD26CB3B13003C65F5 /* Main.storyboard */; };
		BFB8DFB126CB3B19003C65F5 /* Assets.xcassets in Resources */ = {isa = PBXBuildFile; fileRef = BFB8DFB026CB3B19003C65F5 /* Assets.xcassets */; };
		BFB8DFB426CB3B19003C65F5 /* LaunchScreen.storyboard in Resources */ = {isa = PBXBuildFile; fileRef = BFB8DFB226CB3B19003C65F5 /* LaunchScreen.storyboard */; };
		BFB8DFC926CB3B1A003C65F5 /* ConvertidorTemperaturaUITests.swift in Sources */ = {isa = PBXBuildFile; fileRef = BFB8DFC826CB3B1A003C65F5 /* ConvertidorTemperaturaUITests.swift */; };
		BFDE147B26CDE07100BD8D59 /* Temperature.swift in Sources */ = {isa = PBXBuildFile; fileRef = BFDE147A26CDE07100BD8D59 /* Temperature.swift */; };
		BFDE147E26CDE25D00BD8D59 /* TemperatureConverter.swift in Sources */ = {isa = PBXBuildFile; fileRef = BFDE147D26CDE25D00BD8D59 /* TemperatureConverter.swift */; };
		BFDE148026CDE3EA00BD8D59 /* TemperatureConverterTests.swift in Sources */ = {isa = PBXBuildFile; fileRef = BFDE147F26CDE3EA00BD8D59 /* TemperatureConverterTests.swift */; };
/* End PBXBuildFile section */

/* Begin PBXContainerItemProxy section */
		BFB8DFBB26CB3B1A003C65F5 /* PBXContainerItemProxy */ = {
			isa = PBXContainerItemProxy;
			containerPortal = BFB8DF9C26CB3B13003C65F5 /* Project object */;
			proxyType = 1;
			remoteGlobalIDString = BFB8DFA326CB3B13003C65F5;
			remoteInfo = ConvertidorTemperatura;
		};
		BFB8DFC526CB3B1A003C65F5 /* PBXContainerItemProxy */ = {
			isa = PBXContainerItemProxy;
			containerPortal = BFB8DF9C26CB3B13003C65F5 /* Project object */;
			proxyType = 1;
			remoteGlobalIDString = BFB8DFA326CB3B13003C65F5;
			remoteInfo = ConvertidorTemperatura;
		};
/* End PBXContainerItemProxy section */

/* Begin PBXFileReference section */
		BFB8DFA426CB3B13003C65F5 /* ConvertidorTemperatura.app */ = {isa = PBXFileReference; explicitFileType = wrapper.application; includeInIndex = 0; path = ConvertidorTemperatura.app; sourceTree = BUILT_PRODUCTS_DIR; };
		BFB8DFA726CB3B13003C65F5 /* AppDelegate.swift */ = {isa = PBXFileReference; lastKnownFileType = sourcecode.swift; path = AppDelegate.swift; sourceTree = "<group>"; };
		BFB8DFA926CB3B13003C65F5 /* SceneDelegate.swift */ = {isa = PBXFileReference; lastKnownFileType = sourcecode.swift; path = SceneDelegate.swift; sourceTree = "<group>"; };
		BFB8DFAB26CB3B13003C65F5 /* ViewController.swift */ = {isa = PBXFileReference; lastKnownFileType = sourcecode.swift; path = ViewController.swift; sourceTree = "<group>"; };
		BFB8DFAE26CB3B13003C65F5 /* Base */ = {isa = PBXFileReference; lastKnownFileType = file.storyboard; name = Base; path = Base.lproj/Main.storyboard; sourceTree = "<group>"; };
		BFB8DFB026CB3B19003C65F5 /* Assets.xcassets */ = {isa = PBXFileReference; lastKnownFileType = folder.assetcatalog; path = Assets.xcassets; sourceTree = "<group>"; };
		BFB8DFB326CB3B19003C65F5 /* Base */ = {isa = PBXFileReference; lastKnownFileType = file.storyboard; name = Base; path = Base.lproj/LaunchScreen.storyboard; sourceTree = "<group>"; };
		BFB8DFB526CB3B19003C65F5 /* Info.plist */ = {isa = PBXFileReference; lastKnownFileType = text.plist.xml; path = Info.plist; sourceTree = "<group>"; };
		BFB8DFBA26CB3B1A003C65F5 /* ConvertidorTemperaturaTests.xctest */ = {isa = PBXFileReference; explicitFileType = wrapper.cfbundle; includeInIndex = 0; path = ConvertidorTemperaturaTests.xctest; sourceTree = BUILT_PRODUCTS_DIR; };
		BFB8DFC426CB3B1A003C65F5 /* ConvertidorTemperaturaUITests.xctest */ = {isa = PBXFileReference; explicitFileType = wrapper.cfbundle; includeInIndex = 0; path = ConvertidorTemperaturaUITests.xctest; sourceTree = BUILT_PRODUCTS_DIR; };
		BFB8DFC826CB3B1A003C65F5 /* ConvertidorTemperaturaUITests.swift */ = {isa = PBXFileReference; lastKnownFileType = sourcecode.swift; path = ConvertidorTemperaturaUITests.swift; sourceTree = "<group>"; };
		BFDE147A26CDE07100BD8D59 /* Temperature.swift */ = {isa = PBXFileReference; lastKnownFileType = sourcecode.swift; path = Temperature.swift; sourceTree = "<group>"; };
		BFDE147D26CDE25D00BD8D59 /* TemperatureConverter.swift */ = {isa = PBXFileReference; lastKnownFileType = sourcecode.swift; path = TemperatureConverter.swift; sourceTree = "<group>"; };
		BFDE147F26CDE3EA00BD8D59 /* TemperatureConverterTests.swift */ = {isa = PBXFileReference; lastKnownFileType = sourcecode.swift; path = TemperatureConverterTests.swift; sourceTree = "<group>"; };
/* End PBXFileReference section */

/* Begin PBXFrameworksBuildPhase section */
		BFB8DFA126CB3B13003C65F5 /* Frameworks */ = {
			isa = PBXFrameworksBuildPhase;
			buildActionMask = 2147483647;
			files = (
			);
			runOnlyForDeploymentPostprocessing = 0;
		};
		BFB8DFB726CB3B19003C65F5 /* Frameworks */ = {
			isa = PBXFrameworksBuildPhase;
			buildActionMask = 2147483647;
			files = (
			);
			runOnlyForDeploymentPostprocessing = 0;
		};
		BFB8DFC126CB3B1A003C65F5 /* Frameworks */ = {
			isa = PBXFrameworksBuildPhase;
			buildActionMask = 2147483647;
			files = (
			);
			runOnlyForDeploymentPostprocessing = 0;
		};
/* End PBXFrameworksBuildPhase section */

/* Begin PBXGroup section */
		BFB8DF9B26CB3B13003C65F5 = {
			isa = PBXGroup;
			children = (
				BFB8DFA626CB3B13003C65F5 /* ConvertidorTemperatura */,
				BFB8DFBD26CB3B1A003C65F5 /* ConvertidorTemperaturaTests */,
				BFB8DFC726CB3B1A003C65F5 /* ConvertidorTemperaturaUITests */,
				BFB8DFA526CB3B13003C65F5 /* Products */,
			);
			sourceTree = "<group>";
		};
		BFB8DFA526CB3B13003C65F5 /* Products */ = {
			isa = PBXGroup;
			children = (
				BFB8DFA426CB3B13003C65F5 /* ConvertidorTemperatura.app */,
				BFB8DFBA26CB3B1A003C65F5 /* ConvertidorTemperaturaTests.xctest */,
				BFB8DFC426CB3B1A003C65F5 /* ConvertidorTemperaturaUITests.xctest */,
			);
			name = Products;
			sourceTree = "<group>";
		};
		BFB8DFA626CB3B13003C65F5 /* ConvertidorTemperatura */ = {
			isa = PBXGroup;
			children = (
				BFDE147826CDE02F00BD8D59 /* Model */,
				BFB8DFA726CB3B13003C65F5 /* AppDelegate.swift */,
				BFB8DFA926CB3B13003C65F5 /* SceneDelegate.swift */,
				BFB8DFAB26CB3B13003C65F5 /* ViewController.swift */,
				BFB8DFAD26CB3B13003C65F5 /* Main.storyboard */,
				BFB8DFB026CB3B19003C65F5 /* Assets.xcassets */,
				BFB8DFB226CB3B19003C65F5 /* LaunchScreen.storyboard */,
				BFB8DFB526CB3B19003C65F5 /* Info.plist */,
			);
			path = ConvertidorTemperatura;
			sourceTree = "<group>";
		};
		BFB8DFBD26CB3B1A003C65F5 /* ConvertidorTemperaturaTests */ = {
			isa = PBXGroup;
			children = (
				BFDE147F26CDE3EA00BD8D59 /* TemperatureConverterTests.swift */,
			);
			path = ConvertidorTemperaturaTests;
			sourceTree = "<group>";
		};
		BFB8DFC726CB3B1A003C65F5 /* ConvertidorTemperaturaUITests */ = {
			isa = PBXGroup;
			children = (
				BFB8DFC826CB3B1A003C65F5 /* ConvertidorTemperaturaUITests.swift */,
			);
			path = ConvertidorTemperaturaUITests;
			sourceTree = "<group>";
		};
		BFDE147826CDE02F00BD8D59 /* Model */ = {
			isa = PBXGroup;
			children = (
				BFDE147C26CDE22300BD8D59 /* Tools */,
				BFDE147926CDE04B00BD8D59 /* ValueObject */,
			);
			path = Model;
			sourceTree = "<group>";
		};
		BFDE147926CDE04B00BD8D59 /* ValueObject */ = {
			isa = PBXGroup;
			children = (
				BFDE147A26CDE07100BD8D59 /* Temperature.swift */,
			);
			path = ValueObject;
			sourceTree = "<group>";
		};
		BFDE147C26CDE22300BD8D59 /* Tools */ = {
			isa = PBXGroup;
			children = (
				BFDE147D26CDE25D00BD8D59 /* TemperatureConverter.swift */,
			);
			path = Tools;
			sourceTree = "<group>";
		};
/* End PBXGroup section */

/* Begin PBXNativeTarget section */
		BFB8DFA326CB3B13003C65F5 /* ConvertidorTemperatura */ = {
			isa = PBXNativeTarget;
			buildConfigurationList = BFB8DFCC26CB3B1A003C65F5 /* Build configuration list for PBXNativeTarget "ConvertidorTemperatura" */;
			buildPhases = (
				BFB8DFA026CB3B13003C65F5 /* Sources */,
				BFB8DFA126CB3B13003C65F5 /* Frameworks */,
				BFB8DFA226CB3B13003C65F5 /* Resources */,
			);
			buildRules = (
			);
			dependencies = (
			);
			name = ConvertidorTemperatura;
			productName = ConvertidorTemperatura;
			productReference = BFB8DFA426CB3B13003C65F5 /* ConvertidorTemperatura.app */;
			productType = "com.apple.product-type.application";
		};
		BFB8DFB926CB3B19003C65F5 /* ConvertidorTemperaturaTests */ = {
			isa = PBXNativeTarget;
			buildConfigurationList = BFB8DFCF26CB3B1A003C65F5 /* Build configuration list for PBXNativeTarget "ConvertidorTemperaturaTests" */;
			buildPhases = (
				BFB8DFB626CB3B19003C65F5 /* Sources */,
				BFB8DFB726CB3B19003C65F5 /* Frameworks */,
				BFB8DFB826CB3B19003C65F5 /* Resources */,
			);
			buildRules = (
			);
			dependencies = (
				BFB8DFBC26CB3B1A003C65F5 /* PBXTargetDependency */,
			);
			name = ConvertidorTemperaturaTests;
			productName = ConvertidorTemperaturaTests;
			productReference = BFB8DFBA26CB3B1A003C65F5 /* ConvertidorTemperaturaTests.xctest */;
			productType = "com.apple.product-type.bundle.unit-test";
		};
		BFB8DFC326CB3B1A003C65F5 /* ConvertidorTemperaturaUITests */ = {
			isa = PBXNativeTarget;
			buildConfigurationList = BFB8DFD226CB3B1A003C65F5 /* Build configuration list for PBXNativeTarget "ConvertidorTemperaturaUITests" */;
			buildPhases = (
				BFB8DFC026CB3B1A003C65F5 /* Sources */,
				BFB8DFC126CB3B1A003C65F5 /* Frameworks */,
				BFB8DFC226CB3B1A003C65F5 /* Resources */,
			);
			buildRules = (
			);
			dependencies = (
				BFB8DFC626CB3B1A003C65F5 /* PBXTargetDependency */,
			);
			name = ConvertidorTemperaturaUITests;
			productName = ConvertidorTemperaturaUITests;
			productReference = BFB8DFC426CB3B1A003C65F5 /* ConvertidorTemperaturaUITests.xctest */;
			productType = "com.apple.product-type.bundle.ui-testing";
		};
/* End PBXNativeTarget section */

/* Begin PBXProject section */
		BFB8DF9C26CB3B13003C65F5 /* Project object */ = {
			isa = PBXProject;
			attributes = {
				BuildIndependentTargetsInParallel = 1;
				LastSwiftUpdateCheck = 1300;
				LastUpgradeCheck = 1300;
				TargetAttributes = {
					BFB8DFA326CB3B13003C65F5 = {
						CreatedOnToolsVersion = 13.0;
					};
					BFB8DFB926CB3B19003C65F5 = {
						CreatedOnToolsVersion = 13.0;
						TestTargetID = BFB8DFA326CB3B13003C65F5;
					};
					BFB8DFC326CB3B1A003C65F5 = {
						CreatedOnToolsVersion = 13.0;
						TestTargetID = BFB8DFA326CB3B13003C65F5;
					};
				};
			};
			buildConfigurationList = BFB8DF9F26CB3B13003C65F5 /* Build configuration list for PBXProject "ConvertidorTemperatura" */;
			compatibilityVersion = "Xcode 13.0";
			developmentRegion = en;
			hasScannedForEncodings = 0;
			knownRegions = (
				en,
				Base,
			);
			mainGroup = BFB8DF9B26CB3B13003C65F5;
			productRefGroup = BFB8DFA526CB3B13003C65F5 /* Products */;
			projectDirPath = "";
			projectRoot = "";
			targets = (
				BFB8DFA326CB3B13003C65F5 /* ConvertidorTemperatura */,
				BFB8DFB926CB3B19003C65F5 /* ConvertidorTemperaturaTests */,
				BFB8DFC326CB3B1A003C65F5 /* ConvertidorTemperaturaUITests */,
			);
		};
/* End PBXProject section */

/* Begin PBXResourcesBuildPhase section */
		BFB8DFA226CB3B13003C65F5 /* Resources */ = {
			isa = PBXResourcesBuildPhase;
			buildActionMask = 2147483647;
			files = (
				BFB8DFB426CB3B19003C65F5 /* LaunchScreen.storyboard in Resources */,
				BFB8DFB126CB3B19003C65F5 /* Assets.xcassets in Resources */,
				BFB8DFAF26CB3B13003C65F5 /* Main.storyboard in Resources */,
			);
			runOnlyForDeploymentPostprocessing = 0;
		};
		BFB8DFB826CB3B19003C65F5 /* Resources */ = {
			isa = PBXResourcesBuildPhase;
			buildActionMask = 2147483647;
			files = (
			);
			runOnlyForDeploymentPostprocessing = 0;
		};
		BFB8DFC226CB3B1A003C65F5 /* Resources */ = {
			isa = PBXResourcesBuildPhase;
			buildActionMask = 2147483647;
			files = (
			);
			runOnlyForDeploymentPostprocessing = 0;
		};
/* End PBXResourcesBuildPhase section */

/* Begin PBXSourcesBuildPhase section */
		BFB8DFA026CB3B13003C65F5 /* Sources */ = {
			isa = PBXSourcesBuildPhase;
			buildActionMask = 2147483647;
			files = (
				BFDE147E26CDE25D00BD8D59 /* TemperatureConverter.swift in Sources */,
				BFB8DFAC26CB3B13003C65F5 /* ViewController.swift in Sources */,
				BFB8DFA826CB3B13003C65F5 /* AppDelegate.swift in Sources */,
				BFDE147B26CDE07100BD8D59 /* Temperature.swift in Sources */,
				BFB8DFAA26CB3B13003C65F5 /* SceneDelegate.swift in Sources */,
			);
			runOnlyForDeploymentPostprocessing = 0;
		};
		BFB8DFB626CB3B19003C65F5 /* Sources */ = {
			isa = PBXSourcesBuildPhase;
			buildActionMask = 2147483647;
			files = (
				BFDE148026CDE3EA00BD8D59 /* TemperatureConverterTests.swift in Sources */,
			);
			runOnlyForDeploymentPostprocessing = 0;
		};
		BFB8DFC026CB3B1A003C65F5 /* Sources */ = {
			isa = PBXSourcesBuildPhase;
			buildActionMask = 2147483647;
			files = (
				BFB8DFC926CB3B1A003C65F5 /* ConvertidorTemperaturaUITests.swift in Sources */,
			);
			runOnlyForDeploymentPostprocessing = 0;
		};
/* End PBXSourcesBuildPhase section */

/* Begin PBXTargetDependency section */
		BFB8DFBC26CB3B1A003C65F5 /* PBXTargetDependency */ = {
			isa = PBXTargetDependency;
			target = BFB8DFA326CB3B13003C65F5 /* ConvertidorTemperatura */;
			targetProxy = BFB8DFBB26CB3B1A003C65F5 /* PBXContainerItemProxy */;
		};
		BFB8DFC626CB3B1A003C65F5 /* PBXTargetDependency */ = {
			isa = PBXTargetDependency;
			target = BFB8DFA326CB3B13003C65F5 /* ConvertidorTemperatura */;
			targetProxy = BFB8DFC526CB3B1A003C65F5 /* PBXContainerItemProxy */;
		};
/* End PBXTargetDependency section */

/* Begin PBXVariantGroup section */
		BFB8DFAD26CB3B13003C65F5 /* Main.storyboard */ = {
			isa = PBXVariantGroup;
			children = (
				BFB8DFAE26CB3B13003C65F5 /* Base */,
			);
			name = Main.storyboard;
			sourceTree = "<group>";
		};
		BFB8DFB226CB3B19003C65F5 /* LaunchScreen.storyboard */ = {
			isa = PBXVariantGroup;
			children = (
				BFB8DFB326CB3B19003C65F5 /* Base */,
			);
			name = LaunchScreen.storyboard;
			sourceTree = "<group>";
		};
/* End PBXVariantGroup section */

/* Begin XCBuildConfiguration section */
		BFB8DFCA26CB3B1A003C65F5 /* Debug */ = {
			isa = XCBuildConfiguration;
			buildSettings = {
				ALWAYS_SEARCH_USER_PATHS = NO;
				CLANG_ANALYZER_NONNULL = YES;
				CLANG_ANALYZER_NUMBER_OBJECT_CONVERSION = YES_AGGRESSIVE;
				CLANG_CXX_LANGUAGE_STANDARD = "gnu++17";
				CLANG_CXX_LIBRARY = "libc++";
				CLANG_ENABLE_MODULES = YES;
				CLANG_ENABLE_OBJC_ARC = YES;
				CLANG_ENABLE_OBJC_WEAK = YES;
				CLANG_WARN_BLOCK_CAPTURE_AUTORELEASING = YES;
				CLANG_WARN_BOOL_CONVERSION = YES;
				CLANG_WARN_COMMA = YES;
				CLANG_WARN_CONSTANT_CONVERSION = YES;
				CLANG_WARN_DEPRECATED_OBJC_IMPLEMENTATIONS = YES;
				CLANG_WARN_DIRECT_OBJC_ISA_USAGE = YES_ERROR;
				CLANG_WARN_DOCUMENTATION_COMMENTS = YES;
				CLANG_WARN_EMPTY_BODY = YES;
				CLANG_WARN_ENUM_CONVERSION = YES;
				CLANG_WARN_INFINITE_RECURSION = YES;
				CLANG_WARN_INT_CONVERSION = YES;
				CLANG_WARN_NON_LITERAL_NULL_CONVERSION = YES;
				CLANG_WARN_OBJC_IMPLICIT_RETAIN_SELF = YES;
				CLANG_WARN_OBJC_LITERAL_CONVERSION = YES;
				CLANG_WARN_OBJC_ROOT_CLASS = YES_ERROR;
				CLANG_WARN_QUOTED_INCLUDE_IN_FRAMEWORK_HEADER = YES;
				CLANG_WARN_RANGE_LOOP_ANALYSIS = YES;
				CLANG_WARN_STRICT_PROTOTYPES = YES;
				CLANG_WARN_SUSPICIOUS_MOVE = YES;
				CLANG_WARN_UNGUARDED_AVAILABILITY = YES_AGGRESSIVE;
				CLANG_WARN_UNREACHABLE_CODE = YES;
				CLANG_WARN__DUPLICATE_METHOD_MATCH = YES;
				COPY_PHASE_STRIP = NO;
				DEBUG_INFORMATION_FORMAT = dwarf;
				ENABLE_STRICT_OBJC_MSGSEND = YES;
				ENABLE_TESTABILITY = YES;
				GCC_C_LANGUAGE_STANDARD = gnu11;
				GCC_DYNAMIC_NO_PIC = NO;
				GCC_NO_COMMON_BLOCKS = YES;
				GCC_OPTIMIZATION_LEVEL = 0;
				GCC_PREPROCESSOR_DEFINITIONS = (
					"DEBUG=1",
					"$(inherited)",
				);
				GCC_WARN_64_TO_32_BIT_CONVERSION = YES;
				GCC_WARN_ABOUT_RETURN_TYPE = YES_ERROR;
				GCC_WARN_UNDECLARED_SELECTOR = YES;
				GCC_WARN_UNINITIALIZED_AUTOS = YES_AGGRESSIVE;
				GCC_WARN_UNUSED_FUNCTION = YES;
				GCC_WARN_UNUSED_VARIABLE = YES;
				IPHONEOS_DEPLOYMENT_TARGET = 15.0;
				MTL_ENABLE_DEBUG_INFO = INCLUDE_SOURCE;
				MTL_FAST_MATH = YES;
				ONLY_ACTIVE_ARCH = YES;
				SDKROOT = iphoneos;
				SWIFT_ACTIVE_COMPILATION_CONDITIONS = DEBUG;
				SWIFT_OPTIMIZATION_LEVEL = "-Onone";
			};
			name = Debug;
		};
		BFB8DFCB26CB3B1A003C65F5 /* Release */ = {
			isa = XCBuildConfiguration;
			buildSettings = {
				ALWAYS_SEARCH_USER_PATHS = NO;
				CLANG_ANALYZER_NONNULL = YES;
				CLANG_ANALYZER_NUMBER_OBJECT_CONVERSION = YES_AGGRESSIVE;
				CLANG_CXX_LANGUAGE_STANDARD = "gnu++17";
				CLANG_CXX_LIBRARY = "libc++";
				CLANG_ENABLE_MODULES = YES;
				CLANG_ENABLE_OBJC_ARC = YES;
				CLANG_ENABLE_OBJC_WEAK = YES;
				CLANG_WARN_BLOCK_CAPTURE_AUTORELEASING = YES;
				CLANG_WARN_BOOL_CONVERSION = YES;
				CLANG_WARN_COMMA = YES;
				CLANG_WARN_CONSTANT_CONVERSION = YES;
				CLANG_WARN_DEPRECATED_OBJC_IMPLEMENTATIONS = YES;
				CLANG_WARN_DIRECT_OBJC_ISA_USAGE = YES_ERROR;
				CLANG_WARN_DOCUMENTATION_COMMENTS = YES;
				CLANG_WARN_EMPTY_BODY = YES;
				CLANG_WARN_ENUM_CONVERSION = YES;
				CLANG_WARN_INFINITE_RECURSION = YES;
				CLANG_WARN_INT_CONVERSION = YES;
				CLANG_WARN_NON_LITERAL_NULL_CONVERSION = YES;
				CLANG_WARN_OBJC_IMPLICIT_RETAIN_SELF = YES;
				CLANG_WARN_OBJC_LITERAL_CONVERSION = YES;
				CLANG_WARN_OBJC_ROOT_CLASS = YES_ERROR;
				CLANG_WARN_QUOTED_INCLUDE_IN_FRAMEWORK_HEADER = YES;
				CLANG_WARN_RANGE_LOOP_ANALYSIS = YES;
				CLANG_WARN_STRICT_PROTOTYPES = YES;
				CLANG_WARN_SUSPICIOUS_MOVE = YES;
				CLANG_WARN_UNGUARDED_AVAILABILITY = YES_AGGRESSIVE;
				CLANG_WARN_UNREACHABLE_CODE = YES;
				CLANG_WARN__DUPLICATE_METHOD_MATCH = YES;
				COPY_PHASE_STRIP = NO;
				DEBUG_INFORMATION_FORMAT = "dwarf-with-dsym";
				ENABLE_NS_ASSERTIONS = NO;
				ENABLE_STRICT_OBJC_MSGSEND = YES;
				GCC_C_LANGUAGE_STANDARD = gnu11;
				GCC_NO_COMMON_BLOCKS = YES;
				GCC_WARN_64_TO_32_BIT_CONVERSION = YES;
				GCC_WARN_ABOUT_RETURN_TYPE = YES_ERROR;
				GCC_WARN_UNDECLARED_SELECTOR = YES;
				GCC_WARN_UNINITIALIZED_AUTOS = YES_AGGRESSIVE;
				GCC_WARN_UNUSED_FUNCTION = YES;
				GCC_WARN_UNUSED_VARIABLE = YES;
				IPHONEOS_DEPLOYMENT_TARGET = 15.0;
				MTL_ENABLE_DEBUG_INFO = NO;
				MTL_FAST_MATH = YES;
				SDKROOT = iphoneos;
				SWIFT_COMPILATION_MODE = wholemodule;
				SWIFT_OPTIMIZATION_LEVEL = "-O";
				VALIDATE_PRODUCT = YES;
			};
			name = Release;
		};
		BFB8DFCD26CB3B1A003C65F5 /* Debug */ = {
			isa = XCBuildConfiguration;
			buildSettings = {
				ASSETCATALOG_COMPILER_APPICON_NAME = AppIcon;
				ASSETCATALOG_COMPILER_GLOBAL_ACCENT_COLOR_NAME = AccentColor;
				CODE_SIGN_STYLE = Automatic;
				CURRENT_PROJECT_VERSION = 1;
				DEVELOPMENT_TEAM = P9VCSB2C6D;
				GENERATE_INFOPLIST_FILE = YES;
				INFOPLIST_FILE = ConvertidorTemperatura/Info.plist;
				INFOPLIST_KEY_UIApplicationSupportsIndirectInputEvents = YES;
				INFOPLIST_KEY_UILaunchStoryboardName = LaunchScreen;
				INFOPLIST_KEY_UIMainStoryboardFile = Main;
				INFOPLIST_KEY_UISupportedInterfaceOrientations_iPad = "UIInterfaceOrientationPortrait UIInterfaceOrientationPortraitUpsideDown UIInterfaceOrientationLandscapeLeft UIInterfaceOrientationLandscapeRight";
				INFOPLIST_KEY_UISupportedInterfaceOrientations_iPhone = "UIInterfaceOrientationPortrait UIInterfaceOrientationLandscapeLeft UIInterfaceOrientationLandscapeRight";
				LD_RUNPATH_SEARCH_PATHS = (
					"$(inherited)",
					"@executable_path/Frameworks",
				);
				MARKETING_VERSION = 1.0;
				PRODUCT_BUNDLE_IDENTIFIER = mx.tec.tc2007b.lab.ConvertidorTemperatura;
				PRODUCT_NAME = "$(TARGET_NAME)";
				SWIFT_EMIT_LOC_STRINGS = YES;
				SWIFT_VERSION = 5.0;
				TARGETED_DEVICE_FAMILY = "1,2";
			};
			name = Debug;
		};
		BFB8DFCE26CB3B1A003C65F5 /* Release */ = {
			isa = XCBuildConfiguration;
			buildSettings = {
				ASSETCATALOG_COMPILER_APPICON_NAME = AppIcon;
				ASSETCATALOG_COMPILER_GLOBAL_ACCENT_COLOR_NAME = AccentColor;
				CODE_SIGN_STYLE = Automatic;
				CURRENT_PROJECT_VERSION = 1;
				DEVELOPMENT_TEAM = P9VCSB2C6D;
				GENERATE_INFOPLIST_FILE = YES;
				INFOPLIST_FILE = ConvertidorTemperatura/Info.plist;
				INFOPLIST_KEY_UIApplicationSupportsIndirectInputEvents = YES;
				INFOPLIST_KEY_UILaunchStoryboardName = LaunchScreen;
				INFOPLIST_KEY_UIMainStoryboardFile = Main;
				INFOPLIST_KEY_UISupportedInterfaceOrientations_iPad = "UIInterfaceOrientationPortrait UIInterfaceOrientationPortraitUpsideDown UIInterfaceOrientationLandscapeLeft UIInterfaceOrientationLandscapeRight";
				INFOPLIST_KEY_UISupportedInterfaceOrientations_iPhone = "UIInterfaceOrientationPortrait UIInterfaceOrientationLandscapeLeft UIInterfaceOrientationLandscapeRight";
				LD_RUNPATH_SEARCH_PATHS = (
					"$(inherited)",
					"@executable_path/Frameworks",
				);
				MARKETING_VERSION = 1.0;
				PRODUCT_BUNDLE_IDENTIFIER = mx.tec.tc2007b.lab.ConvertidorTemperatura;
				PRODUCT_NAME = "$(TARGET_NAME)";
				SWIFT_EMIT_LOC_STRINGS = YES;
				SWIFT_VERSION = 5.0;
				TARGETED_DEVICE_FAMILY = "1,2";
			};
			name = Release;
		};
		BFB8DFD026CB3B1A003C65F5 /* Debug */ = {
			isa = XCBuildConfiguration;
			buildSettings = {
				ALWAYS_EMBED_SWIFT_STANDARD_LIBRARIES = YES;
				BUNDLE_LOADER = "$(TEST_HOST)";
				CODE_SIGN_STYLE = Automatic;
				CURRENT_PROJECT_VERSION = 1;
				DEVELOPMENT_TEAM = P9VCSB2C6D;
				GENERATE_INFOPLIST_FILE = YES;
				IPHONEOS_DEPLOYMENT_TARGET = 15.0;
				LD_RUNPATH_SEARCH_PATHS = (
					"$(inherited)",
					"@executable_path/Frameworks",
					"@loader_path/Frameworks",
				);
				MARKETING_VERSION = 1.0;
				PRODUCT_BUNDLE_IDENTIFIER = mx.tec.tc2007b.lab.ConvertidorTemperaturaTests;
				PRODUCT_NAME = "$(TARGET_NAME)";
				SWIFT_EMIT_LOC_STRINGS = NO;
				SWIFT_VERSION = 5.0;
				TARGETED_DEVICE_FAMILY = "1,2";
				TEST_HOST = "$(BUILT_PRODUCTS_DIR)/ConvertidorTemperatura.app/ConvertidorTemperatura";
			};
			name = Debug;
		};
		BFB8DFD126CB3B1A003C65F5 /* Release */ = {
			isa = XCBuildConfiguration;
			buildSettings = {
				ALWAYS_EMBED_SWIFT_STANDARD_LIBRARIES = YES;
				BUNDLE_LOADER = "$(TEST_HOST)";
				CODE_SIGN_STYLE = Automatic;
				CURRENT_PROJECT_VERSION = 1;
				DEVELOPMENT_TEAM = P9VCSB2C6D;
				GENERATE_INFOPLIST_FILE = YES;
				IPHONEOS_DEPLOYMENT_TARGET = 15.0;
				LD_RUNPATH_SEARCH_PATHS = (
					"$(inherited)",
					"@executable_path/Frameworks",
					"@loader_path/Frameworks",
				);
				MARKETING_VERSION = 1.0;
				PRODUCT_BUNDLE_IDENTIFIER = mx.tec.tc2007b.lab.ConvertidorTemperaturaTests;
				PRODUCT_NAME = "$(TARGET_NAME)";
				SWIFT_EMIT_LOC_STRINGS = NO;
				SWIFT_VERSION = 5.0;
				TARGETED_DEVICE_FAMILY = "1,2";
				TEST_HOST = "$(BUILT_PRODUCTS_DIR)/ConvertidorTemperatura.app/ConvertidorTemperatura";
			};
			name = Release;
		};
		BFB8DFD326CB3B1A003C65F5 /* Debug */ = {
			isa = XCBuildConfiguration;
			buildSettings = {
				ALWAYS_EMBED_SWIFT_STANDARD_LIBRARIES = YES;
				CODE_SIGN_STYLE = Automatic;
				CURRENT_PROJECT_VERSION = 1;
				DEVELOPMENT_TEAM = P9VCSB2C6D;
				GENERATE_INFOPLIST_FILE = YES;
				LD_RUNPATH_SEARCH_PATHS = (
					"$(inherited)",
					"@executable_path/Frameworks",
					"@loader_path/Frameworks",
				);
				MARKETING_VERSION = 1.0;
				PRODUCT_BUNDLE_IDENTIFIER = mx.tec.tc2007b.lab.ConvertidorTemperaturaUITests;
				PRODUCT_NAME = "$(TARGET_NAME)";
				SWIFT_EMIT_LOC_STRINGS = NO;
				SWIFT_VERSION = 5.0;
				TARGETED_DEVICE_FAMILY = "1,2";
				TEST_TARGET_NAME = ConvertidorTemperatura;
			};
			name = Debug;
		};
		BFB8DFD426CB3B1A003C65F5 /* Release */ = {
			isa = XCBuildConfiguration;
			buildSettings = {
				ALWAYS_EMBED_SWIFT_STANDARD_LIBRARIES = YES;
				CODE_SIGN_STYLE = Automatic;
				CURRENT_PROJECT_VERSION = 1;
				DEVELOPMENT_TEAM = P9VCSB2C6D;
				GENERATE_INFOPLIST_FILE = YES;
				LD_RUNPATH_SEARCH_PATHS = (
					"$(inherited)",
					"@executable_path/Frameworks",
					"@loader_path/Frameworks",
				);
				MARKETING_VERSION = 1.0;
				PRODUCT_BUNDLE_IDENTIFIER = mx.tec.tc2007b.lab.ConvertidorTemperaturaUITests;
				PRODUCT_NAME = "$(TARGET_NAME)";
				SWIFT_EMIT_LOC_STRINGS = NO;
				SWIFT_VERSION = 5.0;
				TARGETED_DEVICE_FAMILY = "1,2";
				TEST_TARGET_NAME = ConvertidorTemperatura;
			};
			name = Release;
		};
/* End XCBuildConfiguration section */

/* Begin XCConfigurationList section */
		BFB8DF9F26CB3B13003C65F5 /* Build configuration list for PBXProject "ConvertidorTemperatura" */ = {
			isa = XCConfigurationList;
			buildConfigurations = (
				BFB8DFCA26CB3B1A003C65F5 /* Debug */,
				BFB8DFCB26CB3B1A003C65F5 /* Release */,
			);
			defaultConfigurationIsVisible = 0;
			defaultConfigurationName = Release;
		};
		BFB8DFCC26CB3B1A003C65F5 /* Build configuration list for PBXNativeTarget "ConvertidorTemperatura" */ = {
			isa = XCConfigurationList;
			buildConfigurations = (
				BFB8DFCD26CB3B1A003C65F5 /* Debug */,
				BFB8DFCE26CB3B1A003C65F5 /* Release */,
			);
			defaultConfigurationIsVisible = 0;
			defaultConfigurationName = Release;
		};
		BFB8DFCF26CB3B1A003C65F5 /* Build configuration list for PBXNativeTarget "ConvertidorTemperaturaTests" */ = {
			isa = XCConfigurationList;
			buildConfigurations = (
				BFB8DFD026CB3B1A003C65F5 /* Debug */,
				BFB8DFD126CB3B1A003C65F5 /* Release */,
			);
			defaultConfigurationIsVisible = 0;
			defaultConfigurationName = Release;
		};
		BFB8DFD226CB3B1A003C65F5 /* Build configuration list for PBXNativeTarget "ConvertidorTemperaturaUITests" */ = {
			isa = XCConfigurationList;
			buildConfigurations = (
				BFB8DFD326CB3B1A003C65F5 /* Debug */,
				BFB8DFD426CB3B1A003C65F5 /* Release */,
			);
			defaultConfigurationIsVisible = 0;
			defaultConfigurationName = Release;
		};
/* End XCConfigurationList section */
	};
	rootObject = BFB8DF9C26CB3B13003C65F5 /* Project object */;
}
